<?xml version="1.0" encoding="utf-8"?>
<Project ToolsVersion="4.0" xmlns="http://schemas.microsoft.com/developer/msbuild/2003">
  <ItemGroup>
    <Filter Include="Source Files">
      <UniqueIdentifier>{4FC737F1-C7A5-4376-A066-2A32D752A2FF}</UniqueIdentifier>
      <Extensions>cpp;c;cc;cxx;def;odl;idl;hpj;bat;asm;asmx</Extensions>
    </Filter>
    <Filter Include="Header Files">
      <UniqueIdentifier>{93995380-89BD-4b04-88EB-625FBE52EBFB}</UniqueIdentifier>
      <Extensions>h;hh;hpp;hxx;hm;inl;inc;xsd</Extensions>
    </Filter>
    <Filter Include="Resource Files">
      <UniqueIdentifier>{67DA6AB6-F800-4c08-8B7A-83BB121AAD01}</UniqueIdentifier>
      <Extensions>rc;ico;cur;bmp;dlg;rc2;rct;bin;rgs;gif;jpg;jpeg;jpe;resx;tiff;tif;png;wav;mfcribbon-ms</Extensions>
    </Filter>
    <Filter Include="Source Files\Display">
      <UniqueIdentifier>{c5474d17-d823-40e9-a3ab-497f838cd664}</UniqueIdentifier>
    </Filter>
    <Filter Include="Header Files\Display">
      <UniqueIdentifier>{c590877f-0d55-451f-baab-b561492cc72a}</UniqueIdentifier>
    </Filter>
    <Filter Include="Source Files\RenderableObjects">
      <UniqueIdentifier>{a2c535a2-c24d-44aa-a1af-fe0d9048dbb2}</UniqueIdentifier>
    </Filter>
    <Filter Include="Header Files\RenderableObjects">
      <UniqueIdentifier>{d75d2613-c66e-489a-9b5c-81a7f6508e81}</UniqueIdentifier>
    </Filter>
    <Filter Include="Source Files\Resources">
      <UniqueIdentifier>{ca1623db-1848-4fae-b982-1049a1710f4d}</UniqueIdentifier>
    </Filter>
    <Filter Include="Header Files\Resource">
      <UniqueIdentifier>{d9005746-bf25-4b5f-b466-e19ff41c19f3}</UniqueIdentifier>
    </Filter>
    <Filter Include="Header Files\Scene">
      <UniqueIdentifier>{7afdb337-7af2-435d-8e8b-1337bc9d8145}</UniqueIdentifier>
    </Filter>
    <Filter Include="Header Files\Objects">
      <UniqueIdentifier>{4953abfb-b792-42a3-9ca7-7c355e69fc00}</UniqueIdentifier>
    </Filter>
    <Filter Include="Source Files\Scene">
      <UniqueIdentifier>{0eef8c22-5b2d-4c8a-a627-1a39a12c8985}</UniqueIdentifier>
    </Filter>
    <Filter Include="Source Files\Objects">
      <UniqueIdentifier>{05467b0c-c07d-4b99-b028-dc201ff3e6d7}</UniqueIdentifier>
    </Filter>
  </ItemGroup>
  <ItemGroup>
    <ClCompile Include="main.cpp">
      <Filter>Source Files</Filter>
    </ClCompile>
    <ClCompile Include="DebugLog.cpp">
      <Filter>Source Files</Filter>
    </ClCompile>
    <ClCompile Include="Renderer.cpp">
      <Filter>Source Files\Display</Filter>
    </ClCompile>
    <ClCompile Include="Window.cpp">
      <Filter>Source Files\Display</Filter>
    </ClCompile>
    <ClCompile Include="RenderableObject.cpp">
      <Filter>Source Files\RenderableObjects</Filter>
    </ClCompile>
    <ClCompile Include="RenderablePoint.cpp">
      <Filter>Source Files\RenderableObjects</Filter>
    </ClCompile>
    <ClCompile Include="RenderableLine.cpp">
      <Filter>Source Files\RenderableObjects</Filter>
    </ClCompile>
    <ClCompile Include="RenderableTexture.cpp">
      <Filter>Source Files\RenderableObjects</Filter>
    </ClCompile>
    <ClCompile Include="RenderableRectangle.cpp">
      <Filter>Source Files\RenderableObjects</Filter>
    </ClCompile>
    <ClCompile Include="Resource.cpp">
      <Filter>Source Files\Resources</Filter>
    </ClCompile>
    <ClCompile Include="ResourceTexture.cpp">
      <Filter>Source Files\Resources</Filter>
    </ClCompile>
    <ClCompile Include="ResourceFont.cpp">
      <Filter>Source Files\Resources</Filter>
    </ClCompile>
    <ClCompile Include="Utils.cpp">
      <Filter>Source Files</Filter>
    </ClCompile>
    <ClCompile Include="ResourceFontTexture.cpp">
      <Filter>Source Files\Resources</Filter>
    </ClCompile>
    <ClCompile Include="SceneRenderableObject.cpp">
      <Filter>Source Files\Objects</Filter>
    </ClCompile>
    <ClCompile Include="SceneObject.cpp">
      <Filter>Source Files\Objects</Filter>
    </ClCompile>
    <ClCompile Include="EventListener.cpp">
      <Filter>Source Files\Objects</Filter>
    </ClCompile>
    <ClCompile Include="EventManager.cpp">
      <Filter>Source Files\Scene</Filter>
    </ClCompile>
    <ClCompile Include="SceneBase.cpp">
      <Filter>Source Files\Scene</Filter>
    </ClCompile>
    <ClCompile Include="ResourceManager.cpp">
      <Filter>Source Files\Resources</Filter>
    </ClCompile>
    <ClCompile Include="SceneRenderManager.cpp">
      <Filter>Source Files</Filter>
    </ClCompile>
    <ClCompile Include="Camera.cpp">
      <Filter>Source Files</Filter>
    </ClCompile>
  </ItemGroup>
  <ItemGroup>
    <ClInclude Include="DebugLog.h">
      <Filter>Header Files</Filter>
    </ClInclude>
    <ClInclude Include="Window.h">
      <Filter>Header Files\Display</Filter>
    </ClInclude>
    <ClInclude Include="Renderer.h">
      <Filter>Header Files\Display</Filter>
    </ClInclude>
    <ClInclude Include="RenderableObject.h">
      <Filter>Header Files\RenderableObjects</Filter>
    </ClInclude>
    <ClInclude Include="RenderablePoint.h">
      <Filter>Header Files\RenderableObjects</Filter>
    </ClInclude>
    <ClInclude Include="RenderableLine.h">
      <Filter>Header Files\RenderableObjects</Filter>
    </ClInclude>
    <ClInclude Include="RenderableTexture.h">
      <Filter>Header Files\RenderableObjects</Filter>
    </ClInclude>
    <ClInclude Include="RenderableRectangle.h">
      <Filter>Header Files\RenderableObjects</Filter>
    </ClInclude>
    <ClInclude Include="Resource.h">
      <Filter>Header Files\Resource</Filter>
    </ClInclude>
    <ClInclude Include="ResourceTexture.h">
      <Filter>Header Files\Resource</Filter>
    </ClInclude>
    <ClInclude Include="ResourceFont.h">
      <Filter>Header Files\Resource</Filter>
    </ClInclude>
    <ClInclude Include="Utils.h">
      <Filter>Header Files</Filter>
    </ClInclude>
    <ClInclude Include="ResourceFontTexture.h">
      <Filter>Header Files\Resource</Filter>
    </ClInclude>
    <ClInclude Include="EventListener.h">
      <Filter>Header Files\Objects</Filter>
    </ClInclude>
    <ClInclude Include="EventManager.h">
      <Filter>Header Files\Scene</Filter>
    </ClInclude>
    <ClInclude Include="SceneBase.h">
      <Filter>Header Files\Scene</Filter>
    </ClInclude>
    <ClInclude Include="SceneObject.h">
      <Filter>Header Files\Objects</Filter>
    </ClInclude>
    <ClInclude Include="SceneRenderableObject.h">
      <Filter>Header Files\Objects</Filter>
    </ClInclude>
    <ClInclude Include="ResourceManager.h">
      <Filter>Header Files\Resource</Filter>
    </ClInclude>
    <ClInclude Include="SceneRenderManager.h">
      <Filter>Header Files</Filter>
    </ClInclude>
    <ClInclude Include="Camera.h">
      <Filter>Header Files</Filter>
    </ClInclude>
  </ItemGroup>
</Project>